{
  "nodes": {
    "elisp-helpers": {
      "flake": false,
      "locked": {
        "lastModified": 1644084222,
        "narHash": "sha256-Z7K0UkMvjZ+rwzhE2smK5GCl4LkrmY97MKkpay23yDo=",
        "owner": "emacs-twist",
        "repo": "elisp-helpers",
        "rev": "7e295072ec385d0ef7e46efca259d9276542cd6f",
        "type": "github"
      },
      "original": {
        "owner": "emacs-twist",
        "repo": "elisp-helpers",
        "type": "github"
      }
    },
    "elsa": {
      "flake": false,
      "locked": {
        "lastModified": 1644279463,
        "narHash": "sha256-uYx5LBvxv3F7OKWdBGiXrrWHSRt6/54hnE/tuxUTyqs=",
        "owner": "emacs-elsa",
        "repo": "Elsa",
        "rev": "82ffb6eecefde7e99383e4a657f17fe414287846",
        "type": "github"
      },
      "original": {
        "owner": "emacs-elsa",
        "repo": "Elsa",
        "type": "github"
      }
    },
    "emacs-ci": {
      "flake": false,
      "locked": {
        "lastModified": 1637854310,
        "narHash": "sha256-oYwxv+rb5fkxraAle2OMTO6dfIh7yvT3XwXK8IFYUvM=",
        "owner": "purcell",
        "repo": "nix-emacs-ci",
        "rev": "6ac997af7076d654521870c3a3caabdcc5c37399",
        "type": "github"
      },
      "original": {
        "owner": "purcell",
        "repo": "nix-emacs-ci",
        "type": "github"
      }
    },
    "flake-utils": {
      "locked": {
        "lastModified": 1644229661,
        "narHash": "sha256-1YdnJAsNy69bpcjuoKdOYQX0YxZBiCYZo4Twxerqv7k=",
        "owner": "numtide",
        "repo": "flake-utils",
        "rev": "3cecb5b042f7f209c56ffd8371b2711a290ec797",
        "type": "github"
      },
      "original": {
        "owner": "numtide",
        "repo": "flake-utils",
        "type": "github"
      }
    },
    "fromElisp": {
      "flake": false,
      "locked": {
        "lastModified": 1620725665,
        "narHash": "sha256-xLQDuSXjlTJUPftbT/PTegrn6yySoEYrFlUP5e8Kfuc=",
        "owner": "talyz",
        "repo": "fromElisp",
        "rev": "1c0d9b629b505a6d7ba050172b2fcaf43fa32801",
        "type": "github"
      },
      "original": {
        "owner": "talyz",
        "repo": "fromElisp",
        "type": "github"
      }
    },
    "gitignore": {
      "inputs": {
        "nixpkgs": [
          "nomake",
          "nixpkgs"
        ]
      },
      "locked": {
        "lastModified": 1635165013,
        "narHash": "sha256-o/BdVjNwcB6jOmzZjOH703BesSkkS5O7ej3xhyO8hAY=",
        "owner": "hercules-ci",
        "repo": "gitignore.nix",
        "rev": "5b9e0ff9d3b551234b4f3eb3983744fa354b17f1",
        "type": "github"
      },
      "original": {
        "owner": "hercules-ci",
        "repo": "gitignore.nix",
        "type": "github"
      }
    },
    "gnu-elpa": {
      "flake": false,
      "locked": {
        "lastModified": 1644874071,
        "narHash": "sha256-HbnydMb+TGjpTb8BddVhSz66yAEUaHJlGsPqA2SGV9E=",
        "ref": "main",
        "rev": "03415c72444609e4508ebf3fe264cba9c2eb4300",
        "revCount": 337,
        "type": "git",
        "url": "https://git.savannah.gnu.org/git/emacs/elpa.git"
      },
      "original": {
        "ref": "main",
        "type": "git",
        "url": "https://git.savannah.gnu.org/git/emacs/elpa.git"
      }
    },
    "melpa": {
      "flake": false,
      "locked": {
        "lastModified": 1644922769,
        "narHash": "sha256-oyVwe28cb+WN/KQdw5zTK+PmYGxYQXGoLlB/7d5NQVA=",
        "owner": "melpa",
        "repo": "melpa",
        "rev": "792361797f8895fb41791f02b4c27e9d41b55ffb",
        "type": "github"
      },
      "original": {
        "owner": "melpa",
        "repo": "melpa",
        "type": "github"
      }
    },
    "nixpkgs": {
      "locked": {
        "lastModified": 1643087856,
        "narHash": "sha256-EreC7gP/T566PDRZjqNoTvByTyvABEpJpWFtyNUDS0Y=",
        "path": "/nix/store/q5ipbyw3kxa7q9fia4c564rbdnhy4xsa-source",
        "rev": "8bd55a6a5ab05942af769c2aa2494044bff7f625",
        "type": "path"
      },
      "original": {
        "id": "nixpkgs",
        "type": "indirect"
      }
    },
    "nomake": {
      "inputs": {
        "elsa": "elsa",
        "emacs-ci": "emacs-ci",
        "flake-utils": "flake-utils",
        "gitignore": "gitignore",
        "gnu-elpa": [
          "gnu-elpa"
        ],
        "melpa": [
          "melpa"
        ],
        "nixpkgs": "nixpkgs",
        "package-lint": "package-lint",
        "twist": "twist"
      },
      "locked": {
        "lastModified": 1645156482,
        "narHash": "sha256-fE86Zn4yT9Rakkh2MMCJ0lkJys/D3BoVMEhI4J2+wNg=",
        "owner": "emacs-twist",
        "repo": "nomake",
        "rev": "e86fda919ea7a74d3be441b7521ba52be27145af",
        "type": "github"
      },
      "original": {
        "owner": "emacs-twist",
        "repo": "nomake",
        "type": "github"
      }
    },
    "package-lint": {
      "flake": false,
      "locked": {
        "lastModified": 1644654625,
        "narHash": "sha256-YprQ7XwzqHsBVEroNC4OXBzkjwX/y1T37Pw2M8kNVRQ=",
        "owner": "purcell",
        "repo": "package-lint",
        "rev": "fc30a795000a1ae98bb3d09e5b2929bedfc402fe",
        "type": "github"
      },
      "original": {
        "owner": "purcell",
        "repo": "package-lint",
        "type": "github"
      }
    },
    "root": {
      "inputs": {
        "gnu-elpa": "gnu-elpa",
        "melpa": "melpa",
        "nomake": "nomake"
      }
    },
    "twist": {
      "inputs": {
        "elisp-helpers": "elisp-helpers",
        "fromElisp": "fromElisp"
      },
      "locked": {
        "lastModified": 1644794204,
        "narHash": "sha256-NxXKZ8eIrVR2UmWyVAMKsOAIYiboe/WXWgHTMEUkCq4=",
        "owner": "emacs-twist",
        "repo": "twist.nix",
        "rev": "699b298a0e7aee862242d07d4c9b694136db66a5",
        "type": "github"
      },
      "original": {
        "owner": "emacs-twist",
        "repo": "twist.nix",
        "type": "github"
      }
    }
  },
  "root": "root",
  "version": 7
}
